
Microsoft Visual Studio Solution File, Format Version 12.00
# Visual Studio 15
Project("{FAE04EC0-301F-11D3-BF4B-00C04F79EFBC}") = "VuforiaScripts", "VuforiaScripts.csproj", "{FB74096F-72A0-0433-9162-4EB54B0CD8E4}"
EndProject
Project("{FAE04EC0-301F-11D3-BF4B-00C04F79EFBC}") = "Assembly-CSharp", "Assembly-CSharp.csproj", "{6BCEBB12-6DEC-7258-272B-CB41088A057E}"
EndProject
Project("{FAE04EC0-301F-11D3-BF4B-00C04F79EFBC}") = "VuforiaEditorScripts", "VuforiaEditorScripts.csproj", "{379F59DB-09B2-01E5-D744-B27BC9525B07}"
EndProject
Global
	GlobalSection(SolutionConfigurationPlatforms) = preSolution
		Debug|Any CPU = Debug|Any CPU
		Release|Any CPU = Release|Any CPU
	EndGlobalSection
	GlobalSection(ProjectConfigurationPlatforms) = postSolution
		{FB74096F-72A0-0433-9162-4EB54B0CD8E4}.Debug|Any CPU.ActiveCfg = Debug|Any CPU
		{FB74096F-72A0-0433-9162-4EB54B0CD8E4}.Debug|Any CPU.Build.0 = Debug|Any CPU
		{FB74096F-72A0-0433-9162-4EB54B0CD8E4}.Release|Any CPU.ActiveCfg = Release|Any CPU
		{FB74096F-72A0-0433-9162-4EB54B0CD8E4}.Release|Any CPU.Build.0 = Release|Any CPU
		{6BCEBB12-6DEC-7258-272B-CB41088A057E}.Debug|Any CPU.ActiveCfg = Debug|Any CPU
		{6BCEBB12-6DEC-7258-272B-CB41088A057E}.Debug|Any CPU.Build.0 = Debug|Any CPU
		{6BCEBB12-6DEC-7258-272B-CB41088A057E}.Release|Any CPU.ActiveCfg = Release|Any CPU
		{6BCEBB12-6DEC-7258-272B-CB41088A057E}.Release|Any CPU.Build.0 = Release|Any CPU
		{379F59DB-09B2-01E5-D744-B27BC9525B07}.Debug|Any CPU.ActiveCfg = Debug|Any CPU
		{379F59DB-09B2-01E5-D744-B27BC9525B07}.Debug|Any CPU.Build.0 = Debug|Any CPU
		{379F59DB-09B2-01E5-D744-B27BC9525B07}.Release|Any CPU.ActiveCfg = Release|Any CPU
		{379F59DB-09B2-01E5-D744-B27BC9525B07}.Release|Any CPU.Build.0 = Release|Any CPU
	EndGlobalSection
	GlobalSection(SolutionProperties) = preSolution
		HideSolutionNode = FALSE
	EndGlobalSection
	GlobalSection(MonoDevelopProperties) = preSolution
		StartupItem = Assembly-CSharp.csproj
	EndGlobalSection
EndGlobal
